
Microsoft Visual Studio Solution File, Format Version 12.00
# Visual Studio Version 17
VisualStudioVersion = 17.12.35707.178
MinimumVisualStudioVersion = 10.0.40219.1
Project("{FAE04EC0-301F-11D3-BF4B-00C04F79EFBC}") = "RegistroContable.MVC", "RegistroContable.Net\RegistroContable.MVC.csproj", "{0A2379E1-DAB0-4198-B298-174211CDDD88}"
EndProject
Project("{FAE04EC0-301F-11D3-BF4B-00C04F79EFBC}") = "RegistroContable.Infraestructura", "RegistroContable.Infraestructura\RegistroContable.Infraestructura.csproj", "{95CE067B-7D49-4609-9228-5628198221EE}"
EndProject
Project("{FAE04EC0-301F-11D3-BF4B-00C04F79EFBC}") = "RegistroContable.Entities", "RegistroContable.Domain\RegistroContable.Entities.csproj", "{87D37A7D-2957-4F2B-BD19-5988A029F12A}"
EndProject
Global
	GlobalSection(SolutionConfigurationPlatforms) = preSolution
		Debug|Any CPU = Debug|Any CPU
		Release|Any CPU = Release|Any CPU
	EndGlobalSection
	GlobalSection(ProjectConfigurationPlatforms) = postSolution
		{0A2379E1-DAB0-4198-B298-174211CDDD88}.Debug|Any CPU.ActiveCfg = Debug|Any CPU
		{0A2379E1-DAB0-4198-B298-174211CDDD88}.Debug|Any CPU.Build.0 = Debug|Any CPU
		{0A2379E1-DAB0-4198-B298-174211CDDD88}.Release|Any CPU.ActiveCfg = Release|Any CPU
		{0A2379E1-DAB0-4198-B298-174211CDDD88}.Release|Any CPU.Build.0 = Release|Any CPU
		{95CE067B-7D49-4609-9228-5628198221EE}.Debug|Any CPU.ActiveCfg = Debug|Any CPU
		{95CE067B-7D49-4609-9228-5628198221EE}.Debug|Any CPU.Build.0 = Debug|Any CPU
		{95CE067B-7D49-4609-9228-5628198221EE}.Release|Any CPU.ActiveCfg = Release|Any CPU
		{95CE067B-7D49-4609-9228-5628198221EE}.Release|Any CPU.Build.0 = Release|Any CPU
		{87D37A7D-2957-4F2B-BD19-5988A029F12A}.Debug|Any CPU.ActiveCfg = Debug|Any CPU
		{87D37A7D-2957-4F2B-BD19-5988A029F12A}.Debug|Any CPU.Build.0 = Debug|Any CPU
		{87D37A7D-2957-4F2B-BD19-5988A029F12A}.Release|Any CPU.ActiveCfg = Release|Any CPU
		{87D37A7D-2957-4F2B-BD19-5988A029F12A}.Release|Any CPU.Build.0 = Release|Any CPU
	EndGlobalSection
	GlobalSection(SolutionProperties) = preSolution
		HideSolutionNode = FALSE
	EndGlobalSection
EndGlobal
